
Microsoft Visual Studio Solution File, Format Version 12.00
# Visual Studio Version 16
VisualStudioVersion = 16.0.30804.86
MinimumVisualStudioVersion = 10.0.40219.1
Project("{FAE04EC0-301F-11D3-BF4B-00C04F79EFBC}") = "lista", "lista\lista.csproj", "{DB16DF4C-7D07-49C5-9C83-B7AD18840A06}"
EndProject
Global
	GlobalSection(SolutionConfigurationPlatforms) = preSolution
		Debug|Any CPU = Debug|Any CPU
		Release|Any CPU = Release|Any CPU
	EndGlobalSection
	GlobalSection(ProjectConfigurationPlatforms) = postSolution
		{DB16DF4C-7D07-49C5-9C83-B7AD18840A06}.Debug|Any CPU.ActiveCfg = Debug|Any CPU
		{DB16DF4C-7D07-49C5-9C83-B7AD18840A06}.Debug|Any CPU.Build.0 = Debug|Any CPU
		{DB16DF4C-7D07-49C5-9C83-B7AD18840A06}.Release|Any CPU.ActiveCfg = Release|Any CPU
		{DB16DF4C-7D07-49C5-9C83-B7AD18840A06}.Release|Any CPU.Build.0 = Release|Any CPU
	EndGlobalSection
	GlobalSection(SolutionProperties) = preSolution
		HideSolutionNode = FALSE
	EndGlobalSection
	GlobalSection(ExtensibilityGlobals) = postSolution
		SolutionGuid = {AA58B7D2-2565-4621-BDA9-5B8A5835A77A}
	EndGlobalSection
EndGlobal
